
Microsoft Visual Studio Solution File, Format Version 12.00
# Visual Studio Version 16
VisualStudioVersion = 16.0.29519.181
MinimumVisualStudioVersion = 10.0.40219.1
Project("{FAE04EC0-301F-11D3-BF4B-00C04F79EFBC}") = "SQLiteTutorial", "SQLiteTutorial\SQLiteTutorial.csproj", "{DDA06221-2EAD-4038-8180-E0CCFB8D38B6}"
EndProject
Global
	GlobalSection(SolutionConfigurationPlatforms) = preSolution
		Debug|Any CPU = Debug|Any CPU
		Release|Any CPU = Release|Any CPU
	EndGlobalSection
	GlobalSection(ProjectConfigurationPlatforms) = postSolution
		{DDA06221-2EAD-4038-8180-E0CCFB8D38B6}.Debug|Any CPU.ActiveCfg = Debug|Any CPU
		{DDA06221-2EAD-4038-8180-E0CCFB8D38B6}.Debug|Any CPU.Build.0 = Debug|Any CPU
		{DDA06221-2EAD-4038-8180-E0CCFB8D38B6}.Release|Any CPU.ActiveCfg = Release|Any CPU
		{DDA06221-2EAD-4038-8180-E0CCFB8D38B6}.Release|Any CPU.Build.0 = Release|Any CPU
	EndGlobalSection
	GlobalSection(SolutionProperties) = preSolution
		HideSolutionNode = FALSE
	EndGlobalSection
	GlobalSection(ExtensibilityGlobals) = postSolution
		SolutionGuid = {D59FC09D-5333-4F8F-8721-C2087BA52412}
	EndGlobalSection
EndGlobal
